
Microsoft Visual Studio Solution File, Format Version 12.00
# Visual Studio Version 17
VisualStudioVersion = 17.5.33516.290
MinimumVisualStudioVersion = 10.0.40219.1
Project("{FAE04EC0-301F-11D3-BF4B-00C04F79EFBC}") = "p2", "p2\p2.csproj", "{2A49618E-FF91-4175-A0CC-9DFD06E27284}"
EndProject
Global
	GlobalSection(SolutionConfigurationPlatforms) = preSolution
		Debug|Any CPU = Debug|Any CPU
		Release|Any CPU = Release|Any CPU
	EndGlobalSection
	GlobalSection(ProjectConfigurationPlatforms) = postSolution
		{2A49618E-FF91-4175-A0CC-9DFD06E27284}.Debug|Any CPU.ActiveCfg = Debug|Any CPU
		{2A49618E-FF91-4175-A0CC-9DFD06E27284}.Debug|Any CPU.Build.0 = Debug|Any CPU
		{2A49618E-FF91-4175-A0CC-9DFD06E27284}.Release|Any CPU.ActiveCfg = Release|Any CPU
		{2A49618E-FF91-4175-A0CC-9DFD06E27284}.Release|Any CPU.Build.0 = Release|Any CPU
	EndGlobalSection
	GlobalSection(SolutionProperties) = preSolution
		HideSolutionNode = FALSE
	EndGlobalSection
	GlobalSection(ExtensibilityGlobals) = postSolution
		SolutionGuid = {994AA861-4855-4E92-AD07-7627CEE83C79}
	EndGlobalSection
EndGlobal
